
Microsoft Visual Studio Solution File, Format Version 12.00
# Visual Studio Version 16
VisualStudioVersion = 16.0.29613.14
MinimumVisualStudioVersion = 10.0.40219.1
Project("{9A19103F-16F7-4668-BE54-9A1E7A4F7556}") = "BasicLogger", "BasicLogger\BasicLogger.csproj", "{DD7F3F68-4237-4BF3-B905-A0BEBEB8002D}"
EndProject
Project("{FAE04EC0-301F-11D3-BF4B-00C04F79EFBC}") = "BasicLoggerDemo", "BasicLoggerDemo\BasicLoggerDemo.csproj", "{EF43FADF-2973-472E-9D06-E0C43343B075}"
EndProject
Project("{9A19103F-16F7-4668-BE54-9A1E7A4F7556}") = "BasicLoggerProvider", "BasicLoggerProvider\BasicLoggerProvider.csproj", "{5B077D93-022B-4EA2-93EE-13A425AF4F6F}"
EndProject
Project("{9A19103F-16F7-4668-BE54-9A1E7A4F7556}") = "netcoreloggerdemo", "NetcoreLoggerDemo\netcoreloggerdemo.csproj", "{0EBD499D-D262-42E2-8B0F-37C0D652ABC1}"
EndProject
Project("{9A19103F-16F7-4668-BE54-9A1E7A4F7556}") = "NetcoreConsoleAppDemo", "NetcoreConsoleAppDemo\NetcoreConsoleAppDemo.csproj", "{89C09569-8912-4CE1-A683-0A1090F5967C}"
EndProject
Global
	GlobalSection(SolutionConfigurationPlatforms) = preSolution
		Debug|Any CPU = Debug|Any CPU
		Release|Any CPU = Release|Any CPU
	EndGlobalSection
	GlobalSection(ProjectConfigurationPlatforms) = postSolution
		{DD7F3F68-4237-4BF3-B905-A0BEBEB8002D}.Debug|Any CPU.ActiveCfg = Debug|Any CPU
		{DD7F3F68-4237-4BF3-B905-A0BEBEB8002D}.Debug|Any CPU.Build.0 = Debug|Any CPU
		{DD7F3F68-4237-4BF3-B905-A0BEBEB8002D}.Release|Any CPU.ActiveCfg = Release|Any CPU
		{DD7F3F68-4237-4BF3-B905-A0BEBEB8002D}.Release|Any CPU.Build.0 = Release|Any CPU
		{EF43FADF-2973-472E-9D06-E0C43343B075}.Debug|Any CPU.ActiveCfg = Debug|Any CPU
		{EF43FADF-2973-472E-9D06-E0C43343B075}.Debug|Any CPU.Build.0 = Debug|Any CPU
		{EF43FADF-2973-472E-9D06-E0C43343B075}.Release|Any CPU.ActiveCfg = Release|Any CPU
		{EF43FADF-2973-472E-9D06-E0C43343B075}.Release|Any CPU.Build.0 = Release|Any CPU
		{5B077D93-022B-4EA2-93EE-13A425AF4F6F}.Debug|Any CPU.ActiveCfg = Debug|Any CPU
		{5B077D93-022B-4EA2-93EE-13A425AF4F6F}.Debug|Any CPU.Build.0 = Debug|Any CPU
		{5B077D93-022B-4EA2-93EE-13A425AF4F6F}.Release|Any CPU.ActiveCfg = Release|Any CPU
		{5B077D93-022B-4EA2-93EE-13A425AF4F6F}.Release|Any CPU.Build.0 = Release|Any CPU
		{0EBD499D-D262-42E2-8B0F-37C0D652ABC1}.Debug|Any CPU.ActiveCfg = Debug|Any CPU
		{0EBD499D-D262-42E2-8B0F-37C0D652ABC1}.Debug|Any CPU.Build.0 = Debug|Any CPU
		{0EBD499D-D262-42E2-8B0F-37C0D652ABC1}.Release|Any CPU.ActiveCfg = Release|Any CPU
		{0EBD499D-D262-42E2-8B0F-37C0D652ABC1}.Release|Any CPU.Build.0 = Release|Any CPU
		{89C09569-8912-4CE1-A683-0A1090F5967C}.Debug|Any CPU.ActiveCfg = Debug|Any CPU
		{89C09569-8912-4CE1-A683-0A1090F5967C}.Debug|Any CPU.Build.0 = Debug|Any CPU
		{89C09569-8912-4CE1-A683-0A1090F5967C}.Release|Any CPU.ActiveCfg = Release|Any CPU
		{89C09569-8912-4CE1-A683-0A1090F5967C}.Release|Any CPU.Build.0 = Release|Any CPU
	EndGlobalSection
	GlobalSection(SolutionProperties) = preSolution
		HideSolutionNode = FALSE
	EndGlobalSection
	GlobalSection(ExtensibilityGlobals) = postSolution
		SolutionGuid = {01A4CB36-229B-4CB3-B651-CB9ADC8A4B54}
	EndGlobalSection
EndGlobal
